
Microsoft Visual Studio Solution File, Format Version 12.00
# Visual Studio Version 16
VisualStudioVersion = 16.0.31911.196
MinimumVisualStudioVersion = 10.0.40219.1
Project("{FAE04EC0-301F-11D3-BF4B-00C04F79EFBC}") = "Programtervezesi_mintak", "Programtervezesi_mintak\Programtervezesi_mintak.csproj", "{81AFB764-C8DA-46D3-BF66-AF42CB1042C9}"
EndProject
Global
	GlobalSection(SolutionConfigurationPlatforms) = preSolution
		Debug|Any CPU = Debug|Any CPU
		Release|Any CPU = Release|Any CPU
	EndGlobalSection
	GlobalSection(ProjectConfigurationPlatforms) = postSolution
		{81AFB764-C8DA-46D3-BF66-AF42CB1042C9}.Debug|Any CPU.ActiveCfg = Debug|Any CPU
		{81AFB764-C8DA-46D3-BF66-AF42CB1042C9}.Debug|Any CPU.Build.0 = Debug|Any CPU
		{81AFB764-C8DA-46D3-BF66-AF42CB1042C9}.Release|Any CPU.ActiveCfg = Release|Any CPU
		{81AFB764-C8DA-46D3-BF66-AF42CB1042C9}.Release|Any CPU.Build.0 = Release|Any CPU
	EndGlobalSection
	GlobalSection(SolutionProperties) = preSolution
		HideSolutionNode = FALSE
	EndGlobalSection
	GlobalSection(ExtensibilityGlobals) = postSolution
		SolutionGuid = {95DDA68F-805D-4EE8-A674-9D18F706CC0D}
	EndGlobalSection
EndGlobal
