
Microsoft Visual Studio Solution File, Format Version 12.00
# Visual Studio Version 16
VisualStudioVersion = 16.0.31911.196
MinimumVisualStudioVersion = 10.0.40219.1
Project("{FAE04EC0-301F-11D3-BF4B-00C04F79EFBC}") = "web_szolgaltatas", "web_szolgaltatas.csproj", "{134F1629-C14D-4A43-9776-B4BE0CC2F17E}"
EndProject
Global
	GlobalSection(SolutionConfigurationPlatforms) = preSolution
		Debug|Any CPU = Debug|Any CPU
		Release|Any CPU = Release|Any CPU
	EndGlobalSection
	GlobalSection(ProjectConfigurationPlatforms) = postSolution
		{134F1629-C14D-4A43-9776-B4BE0CC2F17E}.Debug|Any CPU.ActiveCfg = Debug|Any CPU
		{134F1629-C14D-4A43-9776-B4BE0CC2F17E}.Debug|Any CPU.Build.0 = Debug|Any CPU
		{134F1629-C14D-4A43-9776-B4BE0CC2F17E}.Release|Any CPU.ActiveCfg = Release|Any CPU
		{134F1629-C14D-4A43-9776-B4BE0CC2F17E}.Release|Any CPU.Build.0 = Release|Any CPU
	EndGlobalSection
	GlobalSection(SolutionProperties) = preSolution
		HideSolutionNode = FALSE
	EndGlobalSection
	GlobalSection(ExtensibilityGlobals) = postSolution
		SolutionGuid = {B4FC6900-C1AB-451D-A34D-3A4E319790C2}
	EndGlobalSection
EndGlobal
